
Microsoft Visual Studio Solution File, Format Version 12.00
# Visual Studio Version 16
VisualStudioVersion = 16.0.31729.503
MinimumVisualStudioVersion = 10.0.40219.1
Project("{FAE04EC0-301F-11D3-BF4B-00C04F79EFBC}") = "FinalProject_quanlykho", "FinalProject_quanlykho\FinalProject_quanlykho.csproj", "{DA5613C4-3750-456B-A97F-719CF3FA79DA}"
EndProject
Global
	GlobalSection(SolutionConfigurationPlatforms) = preSolution
		Debug|Any CPU = Debug|Any CPU
		Release|Any CPU = Release|Any CPU
	EndGlobalSection
	GlobalSection(ProjectConfigurationPlatforms) = postSolution
		{DA5613C4-3750-456B-A97F-719CF3FA79DA}.Debug|Any CPU.ActiveCfg = Debug|Any CPU
		{DA5613C4-3750-456B-A97F-719CF3FA79DA}.Debug|Any CPU.Build.0 = Debug|Any CPU
		{DA5613C4-3750-456B-A97F-719CF3FA79DA}.Release|Any CPU.ActiveCfg = Release|Any CPU
		{DA5613C4-3750-456B-A97F-719CF3FA79DA}.Release|Any CPU.Build.0 = Release|Any CPU
	EndGlobalSection
	GlobalSection(SolutionProperties) = preSolution
		HideSolutionNode = FALSE
	EndGlobalSection
	GlobalSection(ExtensibilityGlobals) = postSolution
		SolutionGuid = {F83F7BDE-E77F-4FFA-918F-3927A08B07D6}
	EndGlobalSection
EndGlobal
